
Microsoft Visual Studio Solution File, Format Version 12.00
# Visual Studio Version 16
VisualStudioVersion = 16.0.31229.387
MinimumVisualStudioVersion = 10.0.40219.1
Project("{FAE04EC0-301F-11D3-BF4B-00C04F79EFBC}") = "TeamCityDependency", "TeamCityDependency\TeamCityDependency.csproj", "{8D9C259D-DA10-4020-8AED-3273AA914F36}"
EndProject
Global
	GlobalSection(SolutionConfigurationPlatforms) = preSolution
		Debug|Any CPU = Debug|Any CPU
		Release|Any CPU = Release|Any CPU
	EndGlobalSection
	GlobalSection(ProjectConfigurationPlatforms) = postSolution
		{8D9C259D-DA10-4020-8AED-3273AA914F36}.Debug|Any CPU.ActiveCfg = Debug|Any CPU
		{8D9C259D-DA10-4020-8AED-3273AA914F36}.Debug|Any CPU.Build.0 = Debug|Any CPU
		{8D9C259D-DA10-4020-8AED-3273AA914F36}.Release|Any CPU.ActiveCfg = Release|Any CPU
		{8D9C259D-DA10-4020-8AED-3273AA914F36}.Release|Any CPU.Build.0 = Release|Any CPU
	EndGlobalSection
	GlobalSection(SolutionProperties) = preSolution
		HideSolutionNode = FALSE
	EndGlobalSection
	GlobalSection(ExtensibilityGlobals) = postSolution
		SolutionGuid = {280B1D09-15AF-431D-8B69-56EABD0F7667}
	EndGlobalSection
EndGlobal
